
Microsoft Visual Studio Solution File, Format Version 12.00
# Visual Studio Version 16
VisualStudioVersion = 16.0.30114.105
MinimumVisualStudioVersion = 10.0.40219.1
Project("{2150E333-8FDC-42A3-9474-1A3956D46DE8}") = "Example", "Example", "{551FB639-5F46-46AB-83D1-7A64FD97DF81}"
EndProject
Project("{FAE04EC0-301F-11D3-BF4B-00C04F79EFBC}") = "TodoApp.Domain", "Example\TodoApp.Domain\TodoApp.Domain.csproj", "{5F14F62D-BF48-4E1E-971B-62ED581537FE}"
EndProject
Project("{FAE04EC0-301F-11D3-BF4B-00C04F79EFBC}") = "TodoApp.Infrastructure", "Example\TodoApp.Infrastructure\TodoApp.Infrastructure.csproj", "{0CF25FA3-13EB-460B-9F2E-2EE4649B4BC4}"
EndProject
Project("{FAE04EC0-301F-11D3-BF4B-00C04F79EFBC}") = "TodoApp.Application", "Example\TodoApp.Application\TodoApp.Application.csproj", "{2278F970-F205-4276-A0D0-AF7CDDC8BC32}"
EndProject
Project("{FAE04EC0-301F-11D3-BF4B-00C04F79EFBC}") = "TodoApp.ApiWithController", "Example\TodoApp.ApiWithController\TodoApp.ApiWithController.csproj", "{EA7C5906-73AE-4BF6-8DDB-A5D87EEB0572}"
EndProject
Project("{FAE04EC0-301F-11D3-BF4B-00C04F79EFBC}") = "TodoApp.ApiWithMiddleware", "Example\TodoApp.ApiWithMiddleware\TodoApp.ApiWithMiddleware.csproj", "{DB760DEF-3EF0-4297-B0E4-C14B1226AA8C}"
EndProject
Project("{2150E333-8FDC-42A3-9474-1A3956D46DE8}") = "Packages", "Packages", "{29E3EDC2-9284-484A-B7CE-154F2E8BB997}"
EndProject
Project("{FAE04EC0-301F-11D3-BF4B-00C04F79EFBC}") = "Arfware.ArfBlocks.Core", "Packages\Arfware.ArfBlocks.Core\Arfware.ArfBlocks.Core.csproj", "{C580D629-91E1-42FE-93F1-DC8397ABB381}"
EndProject
Project("{FAE04EC0-301F-11D3-BF4B-00C04F79EFBC}") = "Arfware.ArfBlocks.Test", "Packages\Arfware.ArfBlocks.Test\Arfware.ArfBlocks.Test.csproj", "{0C047243-00C4-4208-AE54-0439E8EB12E3}"
EndProject
Project("{FAE04EC0-301F-11D3-BF4B-00C04F79EFBC}") = "TodoApp.Application.Test", "Example\TodoApp.Application.Test\TodoApp.Application.Test.csproj", "{814AE359-6C68-4D0C-8AEF-9271E55F517F}"
EndProject
Global
	GlobalSection(SolutionProperties) = preSolution
		HideSolutionNode = FALSE
	EndGlobalSection
	GlobalSection(SolutionConfigurationPlatforms) = preSolution
		Debug|Any CPU = Debug|Any CPU
		Debug|x64 = Debug|x64
		Debug|x86 = Debug|x86
		Release|Any CPU = Release|Any CPU
		Release|x64 = Release|x64
		Release|x86 = Release|x86
	EndGlobalSection
	GlobalSection(ProjectConfigurationPlatforms) = postSolution
		{5F14F62D-BF48-4E1E-971B-62ED581537FE}.Debug|Any CPU.ActiveCfg = Debug|Any CPU
		{5F14F62D-BF48-4E1E-971B-62ED581537FE}.Debug|Any CPU.Build.0 = Debug|Any CPU
		{5F14F62D-BF48-4E1E-971B-62ED581537FE}.Debug|x64.ActiveCfg = Debug|Any CPU
		{5F14F62D-BF48-4E1E-971B-62ED581537FE}.Debug|x64.Build.0 = Debug|Any CPU
		{5F14F62D-BF48-4E1E-971B-62ED581537FE}.Debug|x86.ActiveCfg = Debug|Any CPU
		{5F14F62D-BF48-4E1E-971B-62ED581537FE}.Debug|x86.Build.0 = Debug|Any CPU
		{5F14F62D-BF48-4E1E-971B-62ED581537FE}.Release|Any CPU.ActiveCfg = Release|Any CPU
		{5F14F62D-BF48-4E1E-971B-62ED581537FE}.Release|Any CPU.Build.0 = Release|Any CPU
		{5F14F62D-BF48-4E1E-971B-62ED581537FE}.Release|x64.ActiveCfg = Release|Any CPU
		{5F14F62D-BF48-4E1E-971B-62ED581537FE}.Release|x64.Build.0 = Release|Any CPU
		{5F14F62D-BF48-4E1E-971B-62ED581537FE}.Release|x86.ActiveCfg = Release|Any CPU
		{5F14F62D-BF48-4E1E-971B-62ED581537FE}.Release|x86.Build.0 = Release|Any CPU
		{0CF25FA3-13EB-460B-9F2E-2EE4649B4BC4}.Debug|Any CPU.ActiveCfg = Debug|Any CPU
		{0CF25FA3-13EB-460B-9F2E-2EE4649B4BC4}.Debug|Any CPU.Build.0 = Debug|Any CPU
		{0CF25FA3-13EB-460B-9F2E-2EE4649B4BC4}.Debug|x64.ActiveCfg = Debug|Any CPU
		{0CF25FA3-13EB-460B-9F2E-2EE4649B4BC4}.Debug|x64.Build.0 = Debug|Any CPU
		{0CF25FA3-13EB-460B-9F2E-2EE4649B4BC4}.Debug|x86.ActiveCfg = Debug|Any CPU
		{0CF25FA3-13EB-460B-9F2E-2EE4649B4BC4}.Debug|x86.Build.0 = Debug|Any CPU
		{0CF25FA3-13EB-460B-9F2E-2EE4649B4BC4}.Release|Any CPU.ActiveCfg = Release|Any CPU
		{0CF25FA3-13EB-460B-9F2E-2EE4649B4BC4}.Release|Any CPU.Build.0 = Release|Any CPU
		{0CF25FA3-13EB-460B-9F2E-2EE4649B4BC4}.Release|x64.ActiveCfg = Release|Any CPU
		{0CF25FA3-13EB-460B-9F2E-2EE4649B4BC4}.Release|x64.Build.0 = Release|Any CPU
		{0CF25FA3-13EB-460B-9F2E-2EE4649B4BC4}.Release|x86.ActiveCfg = Release|Any CPU
		{0CF25FA3-13EB-460B-9F2E-2EE4649B4BC4}.Release|x86.Build.0 = Release|Any CPU
		{2278F970-F205-4276-A0D0-AF7CDDC8BC32}.Debug|Any CPU.ActiveCfg = Debug|Any CPU
		{2278F970-F205-4276-A0D0-AF7CDDC8BC32}.Debug|Any CPU.Build.0 = Debug|Any CPU
		{2278F970-F205-4276-A0D0-AF7CDDC8BC32}.Debug|x64.ActiveCfg = Debug|Any CPU
		{2278F970-F205-4276-A0D0-AF7CDDC8BC32}.Debug|x64.Build.0 = Debug|Any CPU
		{2278F970-F205-4276-A0D0-AF7CDDC8BC32}.Debug|x86.ActiveCfg = Debug|Any CPU
		{2278F970-F205-4276-A0D0-AF7CDDC8BC32}.Debug|x86.Build.0 = Debug|Any CPU
		{2278F970-F205-4276-A0D0-AF7CDDC8BC32}.Release|Any CPU.ActiveCfg = Release|Any CPU
		{2278F970-F205-4276-A0D0-AF7CDDC8BC32}.Release|Any CPU.Build.0 = Release|Any CPU
		{2278F970-F205-4276-A0D0-AF7CDDC8BC32}.Release|x64.ActiveCfg = Release|Any CPU
		{2278F970-F205-4276-A0D0-AF7CDDC8BC32}.Release|x64.Build.0 = Release|Any CPU
		{2278F970-F205-4276-A0D0-AF7CDDC8BC32}.Release|x86.ActiveCfg = Release|Any CPU
		{2278F970-F205-4276-A0D0-AF7CDDC8BC32}.Release|x86.Build.0 = Release|Any CPU
		{EA7C5906-73AE-4BF6-8DDB-A5D87EEB0572}.Debug|Any CPU.ActiveCfg = Debug|Any CPU
		{EA7C5906-73AE-4BF6-8DDB-A5D87EEB0572}.Debug|Any CPU.Build.0 = Debug|Any CPU
		{EA7C5906-73AE-4BF6-8DDB-A5D87EEB0572}.Debug|x64.ActiveCfg = Debug|Any CPU
		{EA7C5906-73AE-4BF6-8DDB-A5D87EEB0572}.Debug|x64.Build.0 = Debug|Any CPU
		{EA7C5906-73AE-4BF6-8DDB-A5D87EEB0572}.Debug|x86.ActiveCfg = Debug|Any CPU
		{EA7C5906-73AE-4BF6-8DDB-A5D87EEB0572}.Debug|x86.Build.0 = Debug|Any CPU
		{EA7C5906-73AE-4BF6-8DDB-A5D87EEB0572}.Release|Any CPU.ActiveCfg = Release|Any CPU
		{EA7C5906-73AE-4BF6-8DDB-A5D87EEB0572}.Release|Any CPU.Build.0 = Release|Any CPU
		{EA7C5906-73AE-4BF6-8DDB-A5D87EEB0572}.Release|x64.ActiveCfg = Release|Any CPU
		{EA7C5906-73AE-4BF6-8DDB-A5D87EEB0572}.Release|x64.Build.0 = Release|Any CPU
		{EA7C5906-73AE-4BF6-8DDB-A5D87EEB0572}.Release|x86.ActiveCfg = Release|Any CPU
		{EA7C5906-73AE-4BF6-8DDB-A5D87EEB0572}.Release|x86.Build.0 = Release|Any CPU
		{DB760DEF-3EF0-4297-B0E4-C14B1226AA8C}.Debug|Any CPU.ActiveCfg = Debug|Any CPU
		{DB760DEF-3EF0-4297-B0E4-C14B1226AA8C}.Debug|Any CPU.Build.0 = Debug|Any CPU
		{DB760DEF-3EF0-4297-B0E4-C14B1226AA8C}.Debug|x64.ActiveCfg = Debug|Any CPU
		{DB760DEF-3EF0-4297-B0E4-C14B1226AA8C}.Debug|x64.Build.0 = Debug|Any CPU
		{DB760DEF-3EF0-4297-B0E4-C14B1226AA8C}.Debug|x86.ActiveCfg = Debug|Any CPU
		{DB760DEF-3EF0-4297-B0E4-C14B1226AA8C}.Debug|x86.Build.0 = Debug|Any CPU
		{DB760DEF-3EF0-4297-B0E4-C14B1226AA8C}.Release|Any CPU.ActiveCfg = Release|Any CPU
		{DB760DEF-3EF0-4297-B0E4-C14B1226AA8C}.Release|Any CPU.Build.0 = Release|Any CPU
		{DB760DEF-3EF0-4297-B0E4-C14B1226AA8C}.Release|x64.ActiveCfg = Release|Any CPU
		{DB760DEF-3EF0-4297-B0E4-C14B1226AA8C}.Release|x64.Build.0 = Release|Any CPU
		{DB760DEF-3EF0-4297-B0E4-C14B1226AA8C}.Release|x86.ActiveCfg = Release|Any CPU
		{DB760DEF-3EF0-4297-B0E4-C14B1226AA8C}.Release|x86.Build.0 = Release|Any CPU
		{C580D629-91E1-42FE-93F1-DC8397ABB381}.Debug|Any CPU.ActiveCfg = Debug|Any CPU
		{C580D629-91E1-42FE-93F1-DC8397ABB381}.Debug|Any CPU.Build.0 = Debug|Any CPU
		{C580D629-91E1-42FE-93F1-DC8397ABB381}.Debug|x64.ActiveCfg = Debug|Any CPU
		{C580D629-91E1-42FE-93F1-DC8397ABB381}.Debug|x64.Build.0 = Debug|Any CPU
		{C580D629-91E1-42FE-93F1-DC8397ABB381}.Debug|x86.ActiveCfg = Debug|Any CPU
		{C580D629-91E1-42FE-93F1-DC8397ABB381}.Debug|x86.Build.0 = Debug|Any CPU
		{C580D629-91E1-42FE-93F1-DC8397ABB381}.Release|Any CPU.ActiveCfg = Release|Any CPU
		{C580D629-91E1-42FE-93F1-DC8397ABB381}.Release|Any CPU.Build.0 = Release|Any CPU
		{C580D629-91E1-42FE-93F1-DC8397ABB381}.Release|x64.ActiveCfg = Release|Any CPU
		{C580D629-91E1-42FE-93F1-DC8397ABB381}.Release|x64.Build.0 = Release|Any CPU
		{C580D629-91E1-42FE-93F1-DC8397ABB381}.Release|x86.ActiveCfg = Release|Any CPU
		{C580D629-91E1-42FE-93F1-DC8397ABB381}.Release|x86.Build.0 = Release|Any CPU
		{0C047243-00C4-4208-AE54-0439E8EB12E3}.Debug|Any CPU.ActiveCfg = Debug|Any CPU
		{0C047243-00C4-4208-AE54-0439E8EB12E3}.Debug|Any CPU.Build.0 = Debug|Any CPU
		{0C047243-00C4-4208-AE54-0439E8EB12E3}.Debug|x64.ActiveCfg = Debug|Any CPU
		{0C047243-00C4-4208-AE54-0439E8EB12E3}.Debug|x64.Build.0 = Debug|Any CPU
		{0C047243-00C4-4208-AE54-0439E8EB12E3}.Debug|x86.ActiveCfg = Debug|Any CPU
		{0C047243-00C4-4208-AE54-0439E8EB12E3}.Debug|x86.Build.0 = Debug|Any CPU
		{0C047243-00C4-4208-AE54-0439E8EB12E3}.Release|Any CPU.ActiveCfg = Release|Any CPU
		{0C047243-00C4-4208-AE54-0439E8EB12E3}.Release|Any CPU.Build.0 = Release|Any CPU
		{0C047243-00C4-4208-AE54-0439E8EB12E3}.Release|x64.ActiveCfg = Release|Any CPU
		{0C047243-00C4-4208-AE54-0439E8EB12E3}.Release|x64.Build.0 = Release|Any CPU
		{0C047243-00C4-4208-AE54-0439E8EB12E3}.Release|x86.ActiveCfg = Release|Any CPU
		{0C047243-00C4-4208-AE54-0439E8EB12E3}.Release|x86.Build.0 = Release|Any CPU
		{814AE359-6C68-4D0C-8AEF-9271E55F517F}.Debug|Any CPU.ActiveCfg = Debug|Any CPU
		{814AE359-6C68-4D0C-8AEF-9271E55F517F}.Debug|Any CPU.Build.0 = Debug|Any CPU
		{814AE359-6C68-4D0C-8AEF-9271E55F517F}.Debug|x64.ActiveCfg = Debug|Any CPU
		{814AE359-6C68-4D0C-8AEF-9271E55F517F}.Debug|x64.Build.0 = Debug|Any CPU
		{814AE359-6C68-4D0C-8AEF-9271E55F517F}.Debug|x86.ActiveCfg = Debug|Any CPU
		{814AE359-6C68-4D0C-8AEF-9271E55F517F}.Debug|x86.Build.0 = Debug|Any CPU
		{814AE359-6C68-4D0C-8AEF-9271E55F517F}.Release|Any CPU.ActiveCfg = Release|Any CPU
		{814AE359-6C68-4D0C-8AEF-9271E55F517F}.Release|Any CPU.Build.0 = Release|Any CPU
		{814AE359-6C68-4D0C-8AEF-9271E55F517F}.Release|x64.ActiveCfg = Release|Any CPU
		{814AE359-6C68-4D0C-8AEF-9271E55F517F}.Release|x64.Build.0 = Release|Any CPU
		{814AE359-6C68-4D0C-8AEF-9271E55F517F}.Release|x86.ActiveCfg = Release|Any CPU
		{814AE359-6C68-4D0C-8AEF-9271E55F517F}.Release|x86.Build.0 = Release|Any CPU
	EndGlobalSection
	GlobalSection(NestedProjects) = preSolution
		{5F14F62D-BF48-4E1E-971B-62ED581537FE} = {551FB639-5F46-46AB-83D1-7A64FD97DF81}
		{0CF25FA3-13EB-460B-9F2E-2EE4649B4BC4} = {551FB639-5F46-46AB-83D1-7A64FD97DF81}
		{2278F970-F205-4276-A0D0-AF7CDDC8BC32} = {551FB639-5F46-46AB-83D1-7A64FD97DF81}
		{EA7C5906-73AE-4BF6-8DDB-A5D87EEB0572} = {551FB639-5F46-46AB-83D1-7A64FD97DF81}
		{DB760DEF-3EF0-4297-B0E4-C14B1226AA8C} = {551FB639-5F46-46AB-83D1-7A64FD97DF81}
		{C580D629-91E1-42FE-93F1-DC8397ABB381} = {29E3EDC2-9284-484A-B7CE-154F2E8BB997}
		{0C047243-00C4-4208-AE54-0439E8EB12E3} = {29E3EDC2-9284-484A-B7CE-154F2E8BB997}
		{814AE359-6C68-4D0C-8AEF-9271E55F517F} = {551FB639-5F46-46AB-83D1-7A64FD97DF81}
	EndGlobalSection
EndGlobal
